// !$*UTF8*$!
{
	archiveVersion = 1;
	classes = {
	};
	objectVersion = 51;
	objects = {

/* Begin PBXBuildFile section */
		84923953265C55650091367F /* GoogleService-Info .plist in Resources */ = {isa = PBXBuildFile; fileRef = 84923952265C55650091367F /* GoogleService-Info .plist */; };
		84926FEB265BF9BA001BDBCC /* AppDelegate.swift in Sources */ = {isa = PBXBuildFile; fileRef = 84926FEA265BF9BA001BDBCC /* AppDelegate.swift */; };
		84926FED265BF9BA001BDBCC /* SceneDelegate.swift in Sources */ = {isa = PBXBuildFile; fileRef = 84926FEC265BF9BA001BDBCC /* SceneDelegate.swift */; };
		84926FEF265BF9BA001BDBCC /* ViewController.swift in Sources */ = {isa = PBXBuildFile; fileRef = 84926FEE265BF9BA001BDBCC /* ViewController.swift */; };
		84926FF2265BF9BA001BDBCC /* Main.storyboard in Resources */ = {isa = PBXBuildFile; fileRef = 84926FF0265BF9BA001BDBCC /* Main.storyboard */; };
		84926FF4265BF9BC001BDBCC /* Assets.xcassets in Resources */ = {isa = PBXBuildFile; fileRef = 84926FF3265BF9BC001BDBCC /* Assets.xcassets */; };
		84926FF7265BF9BC001BDBCC /* LaunchScreen.storyboard in Resources */ = {isa = PBXBuildFile; fileRef = 84926FF5265BF9BC001BDBCC /* LaunchScreen.storyboard */; };
		84927002265BF9BC001BDBCC /* DunnasTests.swift in Sources */ = {isa = PBXBuildFile; fileRef = 84927001265BF9BC001BDBCC /* DunnasTests.swift */; };
		8492700D265BF9BC001BDBCC /* DunnasUITests.swift in Sources */ = {isa = PBXBuildFile; fileRef = 8492700C265BF9BC001BDBCC /* DunnasUITests.swift */; };
		84F902A7265DEB4800B2F974 /* ScoreViewController.swift in Sources */ = {isa = PBXBuildFile; fileRef = 84F902A6265DEB4800B2F974 /* ScoreViewController.swift */; };
/* End PBXBuildFile section */

/* Begin PBXContainerItemProxy section */
		84926FFE265BF9BC001BDBCC /* PBXContainerItemProxy */ = {
			isa = PBXContainerItemProxy;
			containerPortal = 84926FDF265BF9BA001BDBCC /* Project object */;
			proxyType = 1;
			remoteGlobalIDString = 84926FE6265BF9BA001BDBCC;
			remoteInfo = Dunnas;
		};
		84927009265BF9BC001BDBCC /* PBXContainerItemProxy */ = {
			isa = PBXContainerItemProxy;
			containerPortal = 84926FDF265BF9BA001BDBCC /* Project object */;
			proxyType = 1;
			remoteGlobalIDString = 84926FE6265BF9BA001BDBCC;
			remoteInfo = Dunnas;
		};
/* End PBXContainerItemProxy section */

/* Begin PBXFileReference section */
		84923952265C55650091367F /* GoogleService-Info .plist */ = {isa = PBXFileReference; fileEncoding = 4; lastKnownFileType = text.plist.xml; name = "GoogleService-Info .plist"; path = "../../../../Downloads/GoogleService-Info .plist"; sourceTree = "<group>"; };
		84926FE7265BF9BA001BDBCC /* Dunnas.app */ = {isa = PBXFileReference; explicitFileType = wrapper.application; includeInIndex = 0; path = Dunnas.app; sourceTree = BUILT_PRODUCTS_DIR; };
		84926FEA265BF9BA001BDBCC /* AppDelegate.swift */ = {isa = PBXFileReference; lastKnownFileType = sourcecode.swift; path = AppDelegate.swift; sourceTree = "<group>"; };
		84926FEC265BF9BA001BDBCC /* SceneDelegate.swift */ = {isa = PBXFileReference; lastKnownFileType = sourcecode.swift; path = SceneDelegate.swift; sourceTree = "<group>"; };
		84926FEE265BF9BA001BDBCC /* ViewController.swift */ = {isa = PBXFileReference; lastKnownFileType = sourcecode.swift; path = ViewController.swift; sourceTree = "<group>"; };
		84926FF1265BF9BA001BDBCC /* Base */ = {isa = PBXFileReference; lastKnownFileType = file.storyboard; name = Base; path = Base.lproj/Main.storyboard; sourceTree = "<group>"; };
		84926FF3265BF9BC001BDBCC /* Assets.xcassets */ = {isa = PBXFileReference; lastKnownFileType = folder.assetcatalog; path = Assets.xcassets; sourceTree = "<group>"; };
		84926FF6265BF9BC001BDBCC /* Base */ = {isa = PBXFileReference; lastKnownFileType = file.storyboard; name = Base; path = Base.lproj/LaunchScreen.storyboard; sourceTree = "<group>"; };
		84926FF8265BF9BC001BDBCC /* Info.plist */ = {isa = PBXFileReference; lastKnownFileType = text.plist.xml; path = Info.plist; sourceTree = "<group>"; };
		84926FFD265BF9BC001BDBCC /* DunnasTests.xctest */ = {isa = PBXFileReference; explicitFileType = wrapper.cfbundle; includeInIndex = 0; path = DunnasTests.xctest; sourceTree = BUILT_PRODUCTS_DIR; };
		84927001265BF9BC001BDBCC /* DunnasTests.swift */ = {isa = PBXFileReference; lastKnownFileType = sourcecode.swift; path = DunnasTests.swift; sourceTree = "<group>"; };
		84927003265BF9BC001BDBCC /* Info.plist */ = {isa = PBXFileReference; lastKnownFileType = text.plist.xml; path = Info.plist; sourceTree = "<group>"; };
		84927008265BF9BC001BDBCC /* DunnasUITests.xctest */ = {isa = PBXFileReference; explicitFileType = wrapper.cfbundle; includeInIndex = 0; path = DunnasUITests.xctest; sourceTree = BUILT_PRODUCTS_DIR; };
		8492700C265BF9BC001BDBCC /* DunnasUITests.swift */ = {isa = PBXFileReference; lastKnownFileType = sourcecode.swift; path = DunnasUITests.swift; sourceTree = "<group>"; };
		8492700E265BF9BC001BDBCC /* Info.plist */ = {isa = PBXFileReference; lastKnownFileType = text.plist.xml; path = Info.plist; sourceTree = "<group>"; };
		84F902A6265DEB4800B2F974 /* ScoreViewController.swift */ = {isa = PBXFileReference; lastKnownFileType = sourcecode.swift; path = ScoreViewController.swift; sourceTree = "<group>"; };
/* End PBXFileReference section */

/* Begin PBXFrameworksBuildPhase section */
		84926FE4265BF9BA001BDBCC /* Frameworks */ = {
			isa = PBXFrameworksBuildPhase;
			buildActionMask = 2147483647;
			files = (
			);
			runOnlyForDeploymentPostprocessing = 0;
		};
		84926FFA265BF9BC001BDBCC /* Frameworks */ = {
			isa = PBXFrameworksBuildPhase;
			buildActionMask = 2147483647;
			files = (
			);
			runOnlyForDeploymentPostprocessing = 0;
		};
		84927005265BF9BC001BDBCC /* Frameworks */ = {
			isa = PBXFrameworksBuildPhase;
			buildActionMask = 2147483647;
			files = (
			);
			runOnlyForDeploymentPostprocessing = 0;
		};
/* End PBXFrameworksBuildPhase section */

/* Begin PBXGroup section */
		84926FDE265BF9BA001BDBCC = {
			isa = PBXGroup;
			children = (
				84926FE9265BF9BA001BDBCC /* Dunnas */,
				84927000265BF9BC001BDBCC /* DunnasTests */,
				8492700B265BF9BC001BDBCC /* DunnasUITests */,
				84926FE8265BF9BA001BDBCC /* Products */,
			);
			sourceTree = "<group>";
		};
		84926FE8265BF9BA001BDBCC /* Products */ = {
			isa = PBXGroup;
			children = (
				84926FE7265BF9BA001BDBCC /* Dunnas.app */,
				84926FFD265BF9BC001BDBCC /* DunnasTests.xctest */,
				84927008265BF9BC001BDBCC /* DunnasUITests.xctest */,
			);
			name = Products;
			sourceTree = "<group>";
		};
		84926FE9265BF9BA001BDBCC /* Dunnas */ = {
			isa = PBXGroup;
			children = (
				84926FEA265BF9BA001BDBCC /* AppDelegate.swift */,
				84926FEC265BF9BA001BDBCC /* SceneDelegate.swift */,
				84926FEE265BF9BA001BDBCC /* ViewController.swift */,
				84F902A6265DEB4800B2F974 /* ScoreViewController.swift */,
				84926FF0265BF9BA001BDBCC /* Main.storyboard */,
				84926FF3265BF9BC001BDBCC /* Assets.xcassets */,
				84926FF5265BF9BC001BDBCC /* LaunchScreen.storyboard */,
				84926FF8265BF9BC001BDBCC /* Info.plist */,
				84923952265C55650091367F /* GoogleService-Info .plist */,
			);
			path = Dunnas;
			sourceTree = "<group>";
		};
		84927000265BF9BC001BDBCC /* DunnasTests */ = {
			isa = PBXGroup;
			children = (
				84927001265BF9BC001BDBCC /* DunnasTests.swift */,
				84927003265BF9BC001BDBCC /* Info.plist */,
			);
			path = DunnasTests;
			sourceTree = "<group>";
		};
		8492700B265BF9BC001BDBCC /* DunnasUITests */ = {
			isa = PBXGroup;
			children = (
				8492700C265BF9BC001BDBCC /* DunnasUITests.swift */,
				8492700E265BF9BC001BDBCC /* Info.plist */,
			);
			path = DunnasUITests;
			sourceTree = "<group>";
		};
/* End PBXGroup section */

/* Begin PBXNativeTarget section */
		84926FE6265BF9BA001BDBCC /* Dunnas */ = {
			isa = PBXNativeTarget;
			buildConfigurationList = 84927011265BF9BC001BDBCC /* Build configuration list for PBXNativeTarget "Dunnas" */;
			buildPhases = (
				84926FE3265BF9BA001BDBCC /* Sources */,
				84926FE4265BF9BA001BDBCC /* Frameworks */,
				84926FE5265BF9BA001BDBCC /* Resources */,
			);
			buildRules = (
			);
			dependencies = (
			);
			name = Dunnas;
			productName = Dunnas;
			productReference = 84926FE7265BF9BA001BDBCC /* Dunnas.app */;
			productType = "com.apple.product-type.application";
		};
		84926FFC265BF9BC001BDBCC /* DunnasTests */ = {
			isa = PBXNativeTarget;
			buildConfigurationList = 84927014265BF9BC001BDBCC /* Build configuration list for PBXNativeTarget "DunnasTests" */;
			buildPhases = (
				84926FF9265BF9BC001BDBCC /* Sources */,
				84926FFA265BF9BC001BDBCC /* Frameworks */,
				84926FFB265BF9BC001BDBCC /* Resources */,
			);
			buildRules = (
			);
			dependencies = (
				84926FFF265BF9BC001BDBCC /* PBXTargetDependency */,
			);
			name = DunnasTests;
			productName = DunnasTests;
			productReference = 84926FFD265BF9BC001BDBCC /* DunnasTests.xctest */;
			productType = "com.apple.product-type.bundle.unit-test";
		};
		84927007265BF9BC001BDBCC /* DunnasUITests */ = {
			isa = PBXNativeTarget;
			buildConfigurationList = 84927017265BF9BC001BDBCC /* Build configuration list for PBXNativeTarget "DunnasUITests" */;
			buildPhases = (
				84927004265BF9BC001BDBCC /* Sources */,
				84927005265BF9BC001BDBCC /* Frameworks */,
				84927006265BF9BC001BDBCC /* Resources */,
			);
			buildRules = (
			);
			dependencies = (
				8492700A265BF9BC001BDBCC /* PBXTargetDependency */,
			);
			name = DunnasUITests;
			productName = DunnasUITests;
			productReference = 84927008265BF9BC001BDBCC /* DunnasUITests.xctest */;
			productType = "com.apple.product-type.bundle.ui-testing";
		};
/* End PBXNativeTarget section */

/* Begin PBXProject section */
		84926FDF265BF9BA001BDBCC /* Project object */ = {
			isa = PBXProject;
			attributes = {
				LastSwiftUpdateCheck = 1240;
				LastUpgradeCheck = 1240;
				TargetAttributes = {
					84926FE6265BF9BA001BDBCC = {
						CreatedOnToolsVersion = 12.4;
					};
					84926FFC265BF9BC001BDBCC = {
						CreatedOnToolsVersion = 12.4;
						TestTargetID = 84926FE6265BF9BA001BDBCC;
					};
					84927007265BF9BC001BDBCC = {
						CreatedOnToolsVersion = 12.4;
						TestTargetID = 84926FE6265BF9BA001BDBCC;
					};
				};
			};
			buildConfigurationList = 84926FE2265BF9BA001BDBCC /* Build configuration list for PBXProject "Dunnas" */;
			compatibilityVersion = "Xcode 10.0";
			developmentRegion = en;
			hasScannedForEncodings = 0;
			knownRegions = (
				en,
				Base,
			);
			mainGroup = 84926FDE265BF9BA001BDBCC;
			productRefGroup = 84926FE8265BF9BA001BDBCC /* Products */;
			projectDirPath = "";
			projectRoot = "";
			targets = (
				84926FE6265BF9BA001BDBCC /* Dunnas */,
				84926FFC265BF9BC001BDBCC /* DunnasTests */,
				84927007265BF9BC001BDBCC /* DunnasUITests */,
			);
		};
/* End PBXProject section */

/* Begin PBXResourcesBuildPhase section */
		84926FE5265BF9BA001BDBCC /* Resources */ = {
			isa = PBXResourcesBuildPhase;
			buildActionMask = 2147483647;
			files = (
				84923953265C55650091367F /* GoogleService-Info .plist in Resources */,
				84926FF7265BF9BC001BDBCC /* LaunchScreen.storyboard in Resources */,
				84926FF4265BF9BC001BDBCC /* Assets.xcassets in Resources */,
				84926FF2265BF9BA001BDBCC /* Main.storyboard in Resources */,
			);
			runOnlyForDeploymentPostprocessing = 0;
		};
		84926FFB265BF9BC001BDBCC /* Resources */ = {
			isa = PBXResourcesBuildPhase;
			buildActionMask = 2147483647;
			files = (
			);
			runOnlyForDeploymentPostprocessing = 0;
		};
		84927006265BF9BC001BDBCC /* Resources */ = {
			isa = PBXResourcesBuildPhase;
			buildActionMask = 2147483647;
			files = (
			);
			runOnlyForDeploymentPostprocessing = 0;
		};
/* End PBXResourcesBuildPhase section */

/* Begin PBXSourcesBuildPhase section */
		84926FE3265BF9BA001BDBCC /* Sources */ = {
			isa = PBXSourcesBuildPhase;
			buildActionMask = 2147483647;
			files = (
				84926FEF265BF9BA001BDBCC /* ViewController.swift in Sources */,
				84926FEB265BF9BA001BDBCC /* AppDelegate.swift in Sources */,
				84926FED265BF9BA001BDBCC /* SceneDelegate.swift in Sources */,
				84F902A7265DEB4800B2F974 /* ScoreViewController.swift in Sources */,
			);
			runOnlyForDeploymentPostprocessing = 0;
		};
		84926FF9265BF9BC001BDBCC /* Sources */ = {
			isa = PBXSourcesBuildPhase;
			buildActionMask = 2147483647;
			files = (
				84927002265BF9BC001BDBCC /* DunnasTests.swift in Sources */,
			);
			runOnlyForDeploymentPostprocessing = 0;
		};
		84927004265BF9BC001BDBCC /* Sources */ = {
			isa = PBXSourcesBuildPhase;
			buildActionMask = 2147483647;
			files = (
				8492700D265BF9BC001BDBCC /* DunnasUITests.swift in Sources */,
			);
			runOnlyForDeploymentPostprocessing = 0;
		};
/* End PBXSourcesBuildPhase section */

/* Begin PBXTargetDependency section */
		84926FFF265BF9BC001BDBCC /* PBXTargetDependency */ = {
			isa = PBXTargetDependency;
			target = 84926FE6265BF9BA001BDBCC /* Dunnas */;
			targetProxy = 84926FFE265BF9BC001BDBCC /* PBXContainerItemProxy */;
		};
		8492700A265BF9BC001BDBCC /* PBXTargetDependency */ = {
			isa = PBXTargetDependency;
			target = 84926FE6265BF9BA001BDBCC /* Dunnas */;
			targetProxy = 84927009265BF9BC001BDBCC /* PBXContainerItemProxy */;
		};
/* End PBXTargetDependency section */

/* Begin PBXVariantGroup section */
		84926FF0265BF9BA001BDBCC /* Main.storyboard */ = {
			isa = PBXVariantGroup;
			children = (
				84926FF1265BF9BA001BDBCC /* Base */,
			);
			name = Main.storyboard;
			sourceTree = "<group>";
		};
		84926FF5265BF9BC001BDBCC /* LaunchScreen.storyboard */ = {
			isa = PBXVariantGroup;
			children = (
				84926FF6265BF9BC001BDBCC /* Base */,
			);
			name = LaunchScreen.storyboard;
			sourceTree = "<group>";
		};
/* End PBXVariantGroup section */

/* Begin XCBuildConfiguration section */
		8492700F265BF9BC001BDBCC /* Debug */ = {
			isa = XCBuildConfiguration;
			buildSettings = {
				ALWAYS_SEARCH_USER_PATHS = NO;
				CLANG_ANALYZER_NONNULL = YES;
				CLANG_ANALYZER_NUMBER_OBJECT_CONVERSION = YES_AGGRESSIVE;
				CLANG_CXX_LANGUAGE_STANDARD = "gnu++14";
				CLANG_CXX_LIBRARY = "libc++";
				CLANG_ENABLE_MODULES = YES;
				CLANG_ENABLE_OBJC_ARC = YES;
				CLANG_ENABLE_OBJC_WEAK = YES;
				CLANG_WARN_BLOCK_CAPTURE_AUTORELEASING = YES;
				CLANG_WARN_BOOL_CONVERSION = YES;
				CLANG_WARN_COMMA = YES;
				CLANG_WARN_CONSTANT_CONVERSION = YES;
				CLANG_WARN_DEPRECATED_OBJC_IMPLEMENTATIONS = YES;
				CLANG_WARN_DIRECT_OBJC_ISA_USAGE = YES_ERROR;
				CLANG_WARN_DOCUMENTATION_COMMENTS = YES;
				CLANG_WARN_EMPTY_BODY = YES;
				CLANG_WARN_ENUM_CONVERSION = YES;
				CLANG_WARN_INFINITE_RECURSION = YES;
				CLANG_WARN_INT_CONVERSION = YES;
				CLANG_WARN_NON_LITERAL_NULL_CONVERSION = YES;
				CLANG_WARN_OBJC_IMPLICIT_RETAIN_SELF = YES;
				CLANG_WARN_OBJC_LITERAL_CONVERSION = YES;
				CLANG_WARN_OBJC_ROOT_CLASS = YES_ERROR;
				CLANG_WARN_QUOTED_INCLUDE_IN_FRAMEWORK_HEADER = YES;
				CLANG_WARN_RANGE_LOOP_ANALYSIS = YES;
				CLANG_WARN_STRICT_PROTOTYPES = YES;
				CLANG_WARN_SUSPICIOUS_MOVE = YES;
				CLANG_WARN_UNGUARDED_AVAILABILITY = YES_AGGRESSIVE;
				CLANG_WARN_UNREACHABLE_CODE = YES;
				CLANG_WARN__DUPLICATE_METHOD_MATCH = YES;
				COPY_PHASE_STRIP = NO;
				DEBUG_INFORMATION_FORMAT = dwarf;
				ENABLE_STRICT_OBJC_MSGSEND = YES;
				ENABLE_TESTABILITY = YES;
				GCC_C_LANGUAGE_STANDARD = gnu11;
				GCC_DYNAMIC_NO_PIC = NO;
				GCC_NO_COMMON_BLOCKS = YES;
				GCC_OPTIMIZATION_LEVEL = 0;
				GCC_PREPROCESSOR_DEFINITIONS = (
					"DEBUG=1",
					"$(inherited)",
				);
				GCC_WARN_64_TO_32_BIT_CONVERSION = YES;
				GCC_WARN_ABOUT_RETURN_TYPE = YES_ERROR;
				GCC_WARN_UNDECLARED_SELECTOR = YES;
				GCC_WARN_UNINITIALIZED_AUTOS = YES_AGGRESSIVE;
				GCC_WARN_UNUSED_FUNCTION = YES;
				GCC_WARN_UNUSED_VARIABLE = YES;
				IPHONEOS_DEPLOYMENT_TARGET = 14.4;
				MTL_ENABLE_DEBUG_INFO = INCLUDE_SOURCE;
				MTL_FAST_MATH = YES;
				ONLY_ACTIVE_ARCH = YES;
				SDKROOT = iphoneos;
				SWIFT_ACTIVE_COMPILATION_CONDITIONS = DEBUG;
				SWIFT_OPTIMIZATION_LEVEL = "-Onone";
			};
			name = Debug;
		};
		84927010265BF9BC001BDBCC /* Release */ = {
			isa = XCBuildConfiguration;
			buildSettings = {
				ALWAYS_SEARCH_USER_PATHS = NO;
				CLANG_ANALYZER_NONNULL = YES;
				CLANG_ANALYZER_NUMBER_OBJECT_CONVERSION = YES_AGGRESSIVE;
				CLANG_CXX_LANGUAGE_STANDARD = "gnu++14";
				CLANG_CXX_LIBRARY = "libc++";
				CLANG_ENABLE_MODULES = YES;
				CLANG_ENABLE_OBJC_ARC = YES;
				CLANG_ENABLE_OBJC_WEAK = YES;
				CLANG_WARN_BLOCK_CAPTURE_AUTORELEASING = YES;
				CLANG_WARN_BOOL_CONVERSION = YES;
				CLANG_WARN_COMMA = YES;
				CLANG_WARN_CONSTANT_CONVERSION = YES;
				CLANG_WARN_DEPRECATED_OBJC_IMPLEMENTATIONS = YES;
				CLANG_WARN_DIRECT_OBJC_ISA_USAGE = YES_ERROR;
				CLANG_WARN_DOCUMENTATION_COMMENTS = YES;
				CLANG_WARN_EMPTY_BODY = YES;
				CLANG_WARN_ENUM_CONVERSION = YES;
				CLANG_WARN_INFINITE_RECURSION = YES;
				CLANG_WARN_INT_CONVERSION = YES;
				CLANG_WARN_NON_LITERAL_NULL_CONVERSION = YES;
				CLANG_WARN_OBJC_IMPLICIT_RETAIN_SELF = YES;
				CLANG_WARN_OBJC_LITERAL_CONVERSION = YES;
				CLANG_WARN_OBJC_ROOT_CLASS = YES_ERROR;
				CLANG_WARN_QUOTED_INCLUDE_IN_FRAMEWORK_HEADER = YES;
				CLANG_WARN_RANGE_LOOP_ANALYSIS = YES;
				CLANG_WARN_STRICT_PROTOTYPES = YES;
				CLANG_WARN_SUSPICIOUS_MOVE = YES;
				CLANG_WARN_UNGUARDED_AVAILABILITY = YES_AGGRESSIVE;
				CLANG_WARN_UNREACHABLE_CODE = YES;
				CLANG_WARN__DUPLICATE_METHOD_MATCH = YES;
				COPY_PHASE_STRIP = NO;
				DEBUG_INFORMATION_FORMAT = "dwarf-with-dsym";
				ENABLE_NS_ASSERTIONS = NO;
				ENABLE_STRICT_OBJC_MSGSEND = YES;
				GCC_C_LANGUAGE_STANDARD = gnu11;
				GCC_NO_COMMON_BLOCKS = YES;
				GCC_WARN_64_TO_32_BIT_CONVERSION = YES;
				GCC_WARN_ABOUT_RETURN_TYPE = YES_ERROR;
				GCC_WARN_UNDECLARED_SELECTOR = YES;
				GCC_WARN_UNINITIALIZED_AUTOS = YES_AGGRESSIVE;
				GCC_WARN_UNUSED_FUNCTION = YES;
				GCC_WARN_UNUSED_VARIABLE = YES;
				IPHONEOS_DEPLOYMENT_TARGET = 14.4;
				MTL_ENABLE_DEBUG_INFO = NO;
				MTL_FAST_MATH = YES;
				SDKROOT = iphoneos;
				SWIFT_COMPILATION_MODE = wholemodule;
				SWIFT_OPTIMIZATION_LEVEL = "-O";
				VALIDATE_PRODUCT = YES;
			};
			name = Release;
		};
		84927012265BF9BC001BDBCC /* Debug */ = {
			isa = XCBuildConfiguration;
			buildSettings = {
				ASSETCATALOG_COMPILER_APPICON_NAME = AppIcon;
				ASSETCATALOG_COMPILER_GLOBAL_ACCENT_COLOR_NAME = AccentColor;
				CODE_SIGN_STYLE = Automatic;
				INFOPLIST_FILE = Dunnas/Info.plist;
				LD_RUNPATH_SEARCH_PATHS = (
					"$(inherited)",
					"@executable_path/Frameworks",
				);
				PRODUCT_BUNDLE_IDENTIFIER = lauro.Dunnas;
				PRODUCT_NAME = "$(TARGET_NAME)";
				SWIFT_VERSION = 5.0;
				TARGETED_DEVICE_FAMILY = "1,2";
			};
			name = Debug;
		};
		84927013265BF9BC001BDBCC /* Release */ = {
			isa = XCBuildConfiguration;
			buildSettings = {
				ASSETCATALOG_COMPILER_APPICON_NAME = AppIcon;
				ASSETCATALOG_COMPILER_GLOBAL_ACCENT_COLOR_NAME = AccentColor;
				CODE_SIGN_STYLE = Automatic;
				INFOPLIST_FILE = Dunnas/Info.plist;
				LD_RUNPATH_SEARCH_PATHS = (
					"$(inherited)",
					"@executable_path/Frameworks",
				);
				PRODUCT_BUNDLE_IDENTIFIER = lauro.Dunnas;
				PRODUCT_NAME = "$(TARGET_NAME)";
				SWIFT_VERSION = 5.0;
				TARGETED_DEVICE_FAMILY = "1,2";
			};
			name = Release;
		};
		84927015265BF9BC001BDBCC /* Debug */ = {
			isa = XCBuildConfiguration;
			buildSettings = {
				ALWAYS_EMBED_SWIFT_STANDARD_LIBRARIES = YES;
				BUNDLE_LOADER = "$(TEST_HOST)";
				CODE_SIGN_STYLE = Automatic;
				INFOPLIST_FILE = DunnasTests/Info.plist;
				IPHONEOS_DEPLOYMENT_TARGET = 14.4;
				LD_RUNPATH_SEARCH_PATHS = (
					"$(inherited)",
					"@executable_path/Frameworks",
					"@loader_path/Frameworks",
				);
				PRODUCT_BUNDLE_IDENTIFIER = lauro.DunnasTests;
				PRODUCT_NAME = "$(TARGET_NAME)";
				SWIFT_VERSION = 5.0;
				TARGETED_DEVICE_FAMILY = "1,2";
				TEST_HOST = "$(BUILT_PRODUCTS_DIR)/Dunnas.app/Dunnas";
			};
			name = Debug;
		};
		84927016265BF9BC001BDBCC /* Release */ = {
			isa = XCBuildConfiguration;
			buildSettings = {
				ALWAYS_EMBED_SWIFT_STANDARD_LIBRARIES = YES;
				BUNDLE_LOADER = "$(TEST_HOST)";
				CODE_SIGN_STYLE = Automatic;
				INFOPLIST_FILE = DunnasTests/Info.plist;
				IPHONEOS_DEPLOYMENT_TARGET = 14.4;
				LD_RUNPATH_SEARCH_PATHS = (
					"$(inherited)",
					"@executable_path/Frameworks",
					"@loader_path/Frameworks",
				);
				PRODUCT_BUNDLE_IDENTIFIER = lauro.DunnasTests;
				PRODUCT_NAME = "$(TARGET_NAME)";
				SWIFT_VERSION = 5.0;
				TARGETED_DEVICE_FAMILY = "1,2";
				TEST_HOST = "$(BUILT_PRODUCTS_DIR)/Dunnas.app/Dunnas";
			};
			name = Release;
		};
		84927018265BF9BC001BDBCC /* Debug */ = {
			isa = XCBuildConfiguration;
			buildSettings = {
				ALWAYS_EMBED_SWIFT_STANDARD_LIBRARIES = YES;
				CODE_SIGN_STYLE = Automatic;
				INFOPLIST_FILE = DunnasUITests/Info.plist;
				LD_RUNPATH_SEARCH_PATHS = (
					"$(inherited)",
					"@executable_path/Frameworks",
					"@loader_path/Frameworks",
				);
				PRODUCT_BUNDLE_IDENTIFIER = lauro.DunnasUITests;
				PRODUCT_NAME = "$(TARGET_NAME)";
				SWIFT_VERSION = 5.0;
				TARGETED_DEVICE_FAMILY = "1,2";
				TEST_TARGET_NAME = Dunnas;
			};
			name = Debug;
		};
		84927019265BF9BC001BDBCC /* Release */ = {
			isa = XCBuildConfiguration;
			buildSettings = {
				ALWAYS_EMBED_SWIFT_STANDARD_LIBRARIES = YES;
				CODE_SIGN_STYLE = Automatic;
				INFOPLIST_FILE = DunnasUITests/Info.plist;
				LD_RUNPATH_SEARCH_PATHS = (
					"$(inherited)",
					"@executable_path/Frameworks",
					"@loader_path/Frameworks",
				);
				PRODUCT_BUNDLE_IDENTIFIER = lauro.DunnasUITests;
				PRODUCT_NAME = "$(TARGET_NAME)";
				SWIFT_VERSION = 5.0;
				TARGETED_DEVICE_FAMILY = "1,2";
				TEST_TARGET_NAME = Dunnas;
			};
			name = Release;
		};
/* End XCBuildConfiguration section */

/* Begin XCConfigurationList section */
		84926FE2265BF9BA001BDBCC /* Build configuration list for PBXProject "Dunnas" */ = {
			isa = XCConfigurationList;
			buildConfigurations = (
				8492700F265BF9BC001BDBCC /* Debug */,
				84927010265BF9BC001BDBCC /* Release */,
			);
			defaultConfigurationIsVisible = 0;
			defaultConfigurationName = Release;
		};
		84927011265BF9BC001BDBCC /* Build configuration list for PBXNativeTarget "Dunnas" */ = {
			isa = XCConfigurationList;
			buildConfigurations = (
				84927012265BF9BC001BDBCC /* Debug */,
				84927013265BF9BC001BDBCC /* Release */,
			);
			defaultConfigurationIsVisible = 0;
			defaultConfigurationName = Release;
		};
		84927014265BF9BC001BDBCC /* Build configuration list for PBXNativeTarget "DunnasTests" */ = {
			isa = XCConfigurationList;
			buildConfigurations = (
				84927015265BF9BC001BDBCC /* Debug */,
				84927016265BF9BC001BDBCC /* Release */,
			);
			defaultConfigurationIsVisible = 0;
			defaultConfigurationName = Release;
		};
		84927017265BF9BC001BDBCC /* Build configuration list for PBXNativeTarget "DunnasUITests" */ = {
			isa = XCConfigurationList;
			buildConfigurations = (
				84927018265BF9BC001BDBCC /* Debug */,
				84927019265BF9BC001BDBCC /* Release */,
			);
			defaultConfigurationIsVisible = 0;
			defaultConfigurationName = Release;
		};
/* End XCConfigurationList section */
	};
	rootObject = 84926FDF265BF9BA001BDBCC /* Project object */;
}
